{
  "name": "minecraft-server-handshake",
  "version": "1.0",
  "lockfileVersion": 2,
  "requires": true,
  "packages": {
    "": {
      "name": "minecraft-server-handshake",
      "version": "1.0",
      "license": "MIT",
      "dependencies": {
        "leb128": "^0.0.5"
      }
    },
    "node_modules/bn.js": {
      "version": "5.2.1",
      "resolved": "https://registry.npmjs.org/bn.js/-/bn.js-5.2.1.tgz",
      "integrity": "sha512-eXRvHzWyYPBuB4NBy0cmYQjGitUrtqwbvlzP3G6VFnNRbsZQIxQ10PbKKHt8gZ/HW/D/747aDl+QkDqg3KQLMQ=="
    },
    "node_modules/buffer-pipe": {
      "version": "0.0.3",
      "resolved": "https://registry.npmjs.org/buffer-pipe/-/buffer-pipe-0.0.3.tgz",
      "integrity": "sha512-GlxfuD/NrKvCNs0Ut+7b1IHjylfdegMBxQIlZHj7bObKVQBxB5S84gtm2yu1mQ8/sSggceWBDPY0cPXgvX2MuA==",
      "dependencies": {
        "safe-buffer": "^5.1.2"
      }
    },
    "node_modules/leb128": {
      "version": "0.0.5",
      "resolved": "https://registry.npmjs.org/leb128/-/leb128-0.0.5.tgz",
      "integrity": "sha512-elbNtfmu3GndZbesVF6+iQAfVjOXW9bM/aax9WwMlABZW+oK9sbAZEXoewaPHmL34sxa8kVwWsru8cNE/yn2gg==",
      "dependencies": {
        "bn.js": "^5.0.0",
        "buffer-pipe": "0.0.3"
      }
    },
    "node_modules/safe-buffer": {
      "version": "5.2.1",
      "resolved": "https://registry.npmjs.org/safe-buffer/-/safe-buffer-5.2.1.tgz",
      "integrity": "sha512-rp3So07KcdmmKbGvgaNxQSJr7bGVSVk5S9Eq1F+ppbRo70+YeaDxkw5Dd8NPN+GD6bjnYm2VuPuCXmpuYvmCXQ==",
      "funding": [
        {
          "type": "github",
          "url": "https://github.com/sponsors/feross"
        },
        {
          "type": "patreon",
          "url": "https://www.patreon.com/feross"
        },
        {
          "type": "consulting",
          "url": "https://feross.org/support"
        }
      ]
    }
  },
  "dependencies": {
    "bn.js": {
      "version": "5.2.1",
      "resolved": "https://registry.npmjs.org/bn.js/-/bn.js-5.2.1.tgz",
      "integrity": "sha512-eXRvHzWyYPBuB4NBy0cmYQjGitUrtqwbvlzP3G6VFnNRbsZQIxQ10PbKKHt8gZ/HW/D/747aDl+QkDqg3KQLMQ=="
    },
    "buffer-pipe": {
      "version": "0.0.3",
      "resolved": "https://registry.npmjs.org/buffer-pipe/-/buffer-pipe-0.0.3.tgz",
      "integrity": "sha512-GlxfuD/NrKvCNs0Ut+7b1IHjylfdegMBxQIlZHj7bObKVQBxB5S84gtm2yu1mQ8/sSggceWBDPY0cPXgvX2MuA==",
      "requires": {
        "safe-buffer": "^5.1.2"
      }
    },
    "leb128": {
      "version": "0.0.5",
      "resolved": "https://registry.npmjs.org/leb128/-/leb128-0.0.5.tgz",
      "integrity": "sha512-elbNtfmu3GndZbesVF6+iQAfVjOXW9bM/aax9WwMlABZW+oK9sbAZEXoewaPHmL34sxa8kVwWsru8cNE/yn2gg==",
      "requires": {
        "bn.js": "^5.0.0",
        "buffer-pipe": "0.0.3"
      }
    },
    "safe-buffer": {
      "version": "5.2.1",
      "resolved": "https://registry.npmjs.org/safe-buffer/-/safe-buffer-5.2.1.tgz",
      "integrity": "sha512-rp3So07KcdmmKbGvgaNxQSJr7bGVSVk5S9Eq1F+ppbRo70+YeaDxkw5Dd8NPN+GD6bjnYm2VuPuCXmpuYvmCXQ=="
    }
  }
}
